
Microsoft Visual Studio Solution File, Format Version 12.00
# Visual Studio Version 17
VisualStudioVersion = 17.12.35527.113 d17.12
MinimumVisualStudioVersion = 10.0.40219.1
Project("{2150E333-8FDC-42A3-9474-1A3956D46DE8}") = "Src", "Src", "{F2B5E88F-0AEC-462B-9ADB-CAFAAA5D6B28}"
EndProject
Project("{FAE04EC0-301F-11D3-BF4B-00C04F79EFBC}") = "Ecom.Core", "Src\Ecom.Core\Ecom.Core.csproj", "{836CDFA1-0D14-4B56-B3BC-1B3C8741DFA7}"
EndProject
Project("{FAE04EC0-301F-11D3-BF4B-00C04F79EFBC}") = "Ecom.Infrastructure", "Src\Ecom.Infrastructure\Ecom.Infrastructure.csproj", "{98B6A5E2-D5B3-44F8-A7CD-A1DF30EF81A2}"
EndProject
Project("{FAE04EC0-301F-11D3-BF4B-00C04F79EFBC}") = "Ecom.API", "Src\Ecom.API\Ecom.API.csproj", "{46100700-7B29-4FB0-8AA1-2E574BE48144}"
EndProject
Global
	GlobalSection(SolutionConfigurationPlatforms) = preSolution
		Debug|Any CPU = Debug|Any CPU
		Release|Any CPU = Release|Any CPU
	EndGlobalSection
	GlobalSection(ProjectConfigurationPlatforms) = postSolution
		{836CDFA1-0D14-4B56-B3BC-1B3C8741DFA7}.Debug|Any CPU.ActiveCfg = Debug|Any CPU
		{836CDFA1-0D14-4B56-B3BC-1B3C8741DFA7}.Debug|Any CPU.Build.0 = Debug|Any CPU
		{836CDFA1-0D14-4B56-B3BC-1B3C8741DFA7}.Release|Any CPU.ActiveCfg = Release|Any CPU
		{836CDFA1-0D14-4B56-B3BC-1B3C8741DFA7}.Release|Any CPU.Build.0 = Release|Any CPU
		{98B6A5E2-D5B3-44F8-A7CD-A1DF30EF81A2}.Debug|Any CPU.ActiveCfg = Debug|Any CPU
		{98B6A5E2-D5B3-44F8-A7CD-A1DF30EF81A2}.Debug|Any CPU.Build.0 = Debug|Any CPU
		{98B6A5E2-D5B3-44F8-A7CD-A1DF30EF81A2}.Release|Any CPU.ActiveCfg = Release|Any CPU
		{98B6A5E2-D5B3-44F8-A7CD-A1DF30EF81A2}.Release|Any CPU.Build.0 = Release|Any CPU
		{46100700-7B29-4FB0-8AA1-2E574BE48144}.Debug|Any CPU.ActiveCfg = Debug|Any CPU
		{46100700-7B29-4FB0-8AA1-2E574BE48144}.Debug|Any CPU.Build.0 = Debug|Any CPU
		{46100700-7B29-4FB0-8AA1-2E574BE48144}.Release|Any CPU.ActiveCfg = Release|Any CPU
		{46100700-7B29-4FB0-8AA1-2E574BE48144}.Release|Any CPU.Build.0 = Release|Any CPU
	EndGlobalSection
	GlobalSection(SolutionProperties) = preSolution
		HideSolutionNode = FALSE
	EndGlobalSection
	GlobalSection(NestedProjects) = preSolution
		{836CDFA1-0D14-4B56-B3BC-1B3C8741DFA7} = {F2B5E88F-0AEC-462B-9ADB-CAFAAA5D6B28}
		{98B6A5E2-D5B3-44F8-A7CD-A1DF30EF81A2} = {F2B5E88F-0AEC-462B-9ADB-CAFAAA5D6B28}
		{46100700-7B29-4FB0-8AA1-2E574BE48144} = {F2B5E88F-0AEC-462B-9ADB-CAFAAA5D6B28}
	EndGlobalSection
EndGlobal
